// !$*UTF8*$!
{
	archiveVersion = 1;
	classes = {
	};
	objectVersion = 56;
	objects = {

/* Begin PBXBuildFile section */
		6F506C6F2A701480000ABF5F /* MuaHoVeSoApp.swift in Sources */ = {isa = PBXBuildFile; fileRef = 6F506C6E2A701480000ABF5F /* MuaHoVeSoApp.swift */; };
		6F506C712A701480000ABF5F /* ContentView.swift in Sources */ = {isa = PBXBuildFile; fileRef = 6F506C702A701480000ABF5F /* ContentView.swift */; };
		6F506C732A701481000ABF5F /* Assets.xcassets in Resources */ = {isa = PBXBuildFile; fileRef = 6F506C722A701481000ABF5F /* Assets.xcassets */; };
		6F506C772A701481000ABF5F /* Preview Assets.xcassets in Resources */ = {isa = PBXBuildFile; fileRef = 6F506C762A701481000ABF5F /* Preview Assets.xcassets */; };
		6FFBC0772A72BBD600B3BB43 /* MainTabView.swift in Sources */ = {isa = PBXBuildFile; fileRef = 6FFBC0762A72BBD600B3BB43 /* MainTabView.swift */; };
		6FFBC0792A72BBF000B3BB43 /* HomeScreenView.swift in Sources */ = {isa = PBXBuildFile; fileRef = 6FFBC0782A72BBF000B3BB43 /* HomeScreenView.swift */; };
		6FFBC07B2A72BC0100B3BB43 /* ResultScreenView.swift in Sources */ = {isa = PBXBuildFile; fileRef = 6FFBC07A2A72BC0100B3BB43 /* ResultScreenView.swift */; };
		6FFBC07D2A72BC0F00B3BB43 /* HistoryScreenView.swift in Sources */ = {isa = PBXBuildFile; fileRef = 6FFBC07C2A72BC0F00B3BB43 /* HistoryScreenView.swift */; };
		6FFBC0802A72BDEC00B3BB43 /* Localizable.strings in Resources */ = {isa = PBXBuildFile; fileRef = 6FFBC0822A72BDEC00B3BB43 /* Localizable.strings */; };
		6FFBC0852A72C14B00B3BB43 /* TypeTicketItemView.swift in Sources */ = {isa = PBXBuildFile; fileRef = 6FFBC0842A72C14B00B3BB43 /* TypeTicketItemView.swift */; };
		6FFBC0872A72C1D200B3BB43 /* TypeTicketItemModel.swift in Sources */ = {isa = PBXBuildFile; fileRef = 6FFBC0862A72C1D200B3BB43 /* TypeTicketItemModel.swift */; };
		6FFBC0892A72C29600B3BB43 /* Contants.swift in Sources */ = {isa = PBXBuildFile; fileRef = 6FFBC0882A72C29600B3BB43 /* Contants.swift */; };
/* End PBXBuildFile section */

/* Begin PBXFileReference section */
		6F506C6B2A701480000ABF5F /* MuaHoVeSo.app */ = {isa = PBXFileReference; explicitFileType = wrapper.application; includeInIndex = 0; path = MuaHoVeSo.app; sourceTree = BUILT_PRODUCTS_DIR; };
		6F506C6E2A701480000ABF5F /* MuaHoVeSoApp.swift */ = {isa = PBXFileReference; lastKnownFileType = sourcecode.swift; path = MuaHoVeSoApp.swift; sourceTree = "<group>"; };
		6F506C702A701480000ABF5F /* ContentView.swift */ = {isa = PBXFileReference; lastKnownFileType = sourcecode.swift; path = ContentView.swift; sourceTree = "<group>"; };
		6F506C722A701481000ABF5F /* Assets.xcassets */ = {isa = PBXFileReference; lastKnownFileType = folder.assetcatalog; path = Assets.xcassets; sourceTree = "<group>"; };
		6F506C742A701481000ABF5F /* MuaHoVeSo.entitlements */ = {isa = PBXFileReference; lastKnownFileType = text.plist.entitlements; path = MuaHoVeSo.entitlements; sourceTree = "<group>"; };
		6F506C762A701481000ABF5F /* Preview Assets.xcassets */ = {isa = PBXFileReference; lastKnownFileType = folder.assetcatalog; path = "Preview Assets.xcassets"; sourceTree = "<group>"; };
		6FFBC0762A72BBD600B3BB43 /* MainTabView.swift */ = {isa = PBXFileReference; lastKnownFileType = sourcecode.swift; path = MainTabView.swift; sourceTree = "<group>"; };
		6FFBC0782A72BBF000B3BB43 /* HomeScreenView.swift */ = {isa = PBXFileReference; lastKnownFileType = sourcecode.swift; path = HomeScreenView.swift; sourceTree = "<group>"; };
		6FFBC07A2A72BC0100B3BB43 /* ResultScreenView.swift */ = {isa = PBXFileReference; lastKnownFileType = sourcecode.swift; path = ResultScreenView.swift; sourceTree = "<group>"; };
		6FFBC07C2A72BC0F00B3BB43 /* HistoryScreenView.swift */ = {isa = PBXFileReference; lastKnownFileType = sourcecode.swift; path = HistoryScreenView.swift; sourceTree = "<group>"; };
		6FFBC0812A72BDEC00B3BB43 /* en */ = {isa = PBXFileReference; lastKnownFileType = text.plist.strings; name = en; path = en.lproj/Localizable.strings; sourceTree = "<group>"; };
		6FFBC0832A72BF8400B3BB43 /* vi */ = {isa = PBXFileReference; lastKnownFileType = text.plist.strings; name = vi; path = vi.lproj/Localizable.strings; sourceTree = "<group>"; };
		6FFBC0842A72C14B00B3BB43 /* TypeTicketItemView.swift */ = {isa = PBXFileReference; lastKnownFileType = sourcecode.swift; path = TypeTicketItemView.swift; sourceTree = "<group>"; };
		6FFBC0862A72C1D200B3BB43 /* TypeTicketItemModel.swift */ = {isa = PBXFileReference; lastKnownFileType = sourcecode.swift; path = TypeTicketItemModel.swift; sourceTree = "<group>"; };
		6FFBC0882A72C29600B3BB43 /* Contants.swift */ = {isa = PBXFileReference; lastKnownFileType = sourcecode.swift; path = Contants.swift; sourceTree = "<group>"; };
/* End PBXFileReference section */

/* Begin PBXFrameworksBuildPhase section */
		6F506C682A701480000ABF5F /* Frameworks */ = {
			isa = PBXFrameworksBuildPhase;
			buildActionMask = 2147483647;
			files = (
			);
			runOnlyForDeploymentPostprocessing = 0;
		};
/* End PBXFrameworksBuildPhase section */

/* Begin PBXGroup section */
		6F506C622A701480000ABF5F = {
			isa = PBXGroup;
			children = (
				6F506C6D2A701480000ABF5F /* MuaHoVeSo */,
				6F506C6C2A701480000ABF5F /* Products */,
			);
			sourceTree = "<group>";
		};
		6F506C6C2A701480000ABF5F /* Products */ = {
			isa = PBXGroup;
			children = (
				6F506C6B2A701480000ABF5F /* MuaHoVeSo.app */,
			);
			name = Products;
			sourceTree = "<group>";
		};
		6F506C6D2A701480000ABF5F /* MuaHoVeSo */ = {
			isa = PBXGroup;
			children = (
				6FFBC0732A72BBB200B3BB43 /* ViewModel */,
				6FFBC0722A72BB7700B3BB43 /* Helper */,
				6FFBC0712A72BB6C00B3BB43 /* Models */,
				6FFBC0702A72BB6700B3BB43 /* Views */,
				6F506C6E2A701480000ABF5F /* MuaHoVeSoApp.swift */,
				6F506C702A701480000ABF5F /* ContentView.swift */,
				6F506C722A701481000ABF5F /* Assets.xcassets */,
				6F506C742A701481000ABF5F /* MuaHoVeSo.entitlements */,
				6F506C752A701481000ABF5F /* Preview Content */,
				6FFBC0822A72BDEC00B3BB43 /* Localizable.strings */,
			);
			path = MuaHoVeSo;
			sourceTree = "<group>";
		};
		6F506C752A701481000ABF5F /* Preview Content */ = {
			isa = PBXGroup;
			children = (
				6F506C762A701481000ABF5F /* Preview Assets.xcassets */,
			);
			path = "Preview Content";
			sourceTree = "<group>";
		};
		6FFBC0702A72BB6700B3BB43 /* Views */ = {
			isa = PBXGroup;
			children = (
				6FFBC0752A72BBC200B3BB43 /* Screen */,
				6FFBC0742A72BBBC00B3BB43 /* Components */,
			);
			path = Views;
			sourceTree = "<group>";
		};
		6FFBC0712A72BB6C00B3BB43 /* Models */ = {
			isa = PBXGroup;
			children = (
				6FFBC0862A72C1D200B3BB43 /* TypeTicketItemModel.swift */,
			);
			path = Models;
			sourceTree = "<group>";
		};
		6FFBC0722A72BB7700B3BB43 /* Helper */ = {
			isa = PBXGroup;
			children = (
				6FFBC0882A72C29600B3BB43 /* Contants.swift */,
			);
			path = Helper;
			sourceTree = "<group>";
		};
		6FFBC0732A72BBB200B3BB43 /* ViewModel */ = {
			isa = PBXGroup;
			children = (
			);
			path = ViewModel;
			sourceTree = "<group>";
		};
		6FFBC0742A72BBBC00B3BB43 /* Components */ = {
			isa = PBXGroup;
			children = (
				6FFBC0762A72BBD600B3BB43 /* MainTabView.swift */,
				6FFBC0842A72C14B00B3BB43 /* TypeTicketItemView.swift */,
			);
			path = Components;
			sourceTree = "<group>";
		};
		6FFBC0752A72BBC200B3BB43 /* Screen */ = {
			isa = PBXGroup;
			children = (
				6FFBC0782A72BBF000B3BB43 /* HomeScreenView.swift */,
				6FFBC07A2A72BC0100B3BB43 /* ResultScreenView.swift */,
				6FFBC07C2A72BC0F00B3BB43 /* HistoryScreenView.swift */,
			);
			path = Screen;
			sourceTree = "<group>";
		};
/* End PBXGroup section */

/* Begin PBXNativeTarget section */
		6F506C6A2A701480000ABF5F /* MuaHoVeSo */ = {
			isa = PBXNativeTarget;
			buildConfigurationList = 6F506C7A2A701481000ABF5F /* Build configuration list for PBXNativeTarget "MuaHoVeSo" */;
			buildPhases = (
				6F506C672A701480000ABF5F /* Sources */,
				6F506C682A701480000ABF5F /* Frameworks */,
				6F506C692A701480000ABF5F /* Resources */,
			);
			buildRules = (
			);
			dependencies = (
			);
			name = MuaHoVeSo;
			productName = MuaHoVeSo;
			productReference = 6F506C6B2A701480000ABF5F /* MuaHoVeSo.app */;
			productType = "com.apple.product-type.application";
		};
/* End PBXNativeTarget section */

/* Begin PBXProject section */
		6F506C632A701480000ABF5F /* Project object */ = {
			isa = PBXProject;
			attributes = {
				BuildIndependentTargetsInParallel = 1;
				LastSwiftUpdateCheck = 1500;
				LastUpgradeCheck = 1500;
				TargetAttributes = {
					6F506C6A2A701480000ABF5F = {
						CreatedOnToolsVersion = 15.0;
					};
				};
			};
			buildConfigurationList = 6F506C662A701480000ABF5F /* Build configuration list for PBXProject "MuaHoVeSo" */;
			compatibilityVersion = "Xcode 14.0";
			developmentRegion = en;
			hasScannedForEncodings = 0;
			knownRegions = (
				en,
				Base,
				vi,
			);
			mainGroup = 6F506C622A701480000ABF5F;
			productRefGroup = 6F506C6C2A701480000ABF5F /* Products */;
			projectDirPath = "";
			projectRoot = "";
			targets = (
				6F506C6A2A701480000ABF5F /* MuaHoVeSo */,
			);
		};
/* End PBXProject section */

/* Begin PBXResourcesBuildPhase section */
		6F506C692A701480000ABF5F /* Resources */ = {
			isa = PBXResourcesBuildPhase;
			buildActionMask = 2147483647;
			files = (
				6F506C772A701481000ABF5F /* Preview Assets.xcassets in Resources */,
				6FFBC0802A72BDEC00B3BB43 /* Localizable.strings in Resources */,
				6F506C732A701481000ABF5F /* Assets.xcassets in Resources */,
			);
			runOnlyForDeploymentPostprocessing = 0;
		};
/* End PBXResourcesBuildPhase section */

/* Begin PBXSourcesBuildPhase section */
		6F506C672A701480000ABF5F /* Sources */ = {
			isa = PBXSourcesBuildPhase;
			buildActionMask = 2147483647;
			files = (
				6FFBC07B2A72BC0100B3BB43 /* ResultScreenView.swift in Sources */,
				6FFBC0852A72C14B00B3BB43 /* TypeTicketItemView.swift in Sources */,
				6F506C712A701480000ABF5F /* ContentView.swift in Sources */,
				6F506C6F2A701480000ABF5F /* MuaHoVeSoApp.swift in Sources */,
				6FFBC0872A72C1D200B3BB43 /* TypeTicketItemModel.swift in Sources */,
				6FFBC0892A72C29600B3BB43 /* Contants.swift in Sources */,
				6FFBC07D2A72BC0F00B3BB43 /* HistoryScreenView.swift in Sources */,
				6FFBC0772A72BBD600B3BB43 /* MainTabView.swift in Sources */,
				6FFBC0792A72BBF000B3BB43 /* HomeScreenView.swift in Sources */,
			);
			runOnlyForDeploymentPostprocessing = 0;
		};
/* End PBXSourcesBuildPhase section */

/* Begin PBXVariantGroup section */
		6FFBC0822A72BDEC00B3BB43 /* Localizable.strings */ = {
			isa = PBXVariantGroup;
			children = (
				6FFBC0812A72BDEC00B3BB43 /* en */,
				6FFBC0832A72BF8400B3BB43 /* vi */,
			);
			name = Localizable.strings;
			sourceTree = "<group>";
		};
/* End PBXVariantGroup section */

/* Begin XCBuildConfiguration section */
		6F506C782A701481000ABF5F /* Debug */ = {
			isa = XCBuildConfiguration;
			buildSettings = {
				ALWAYS_SEARCH_USER_PATHS = NO;
				ASSETCATALOG_COMPILER_GENERATE_SWIFT_ASSET_SYMBOL_EXTENSIONS = YES;
				CLANG_ANALYZER_LOCALIZABILITY_NONLOCALIZED = YES;
				CLANG_ANALYZER_NONNULL = YES;
				CLANG_ANALYZER_NUMBER_OBJECT_CONVERSION = YES_AGGRESSIVE;
				CLANG_CXX_LANGUAGE_STANDARD = "gnu++20";
				CLANG_ENABLE_MODULES = YES;
				CLANG_ENABLE_OBJC_ARC = YES;
				CLANG_ENABLE_OBJC_WEAK = YES;
				CLANG_WARN_BLOCK_CAPTURE_AUTORELEASING = YES;
				CLANG_WARN_BOOL_CONVERSION = YES;
				CLANG_WARN_COMMA = YES;
				CLANG_WARN_CONSTANT_CONVERSION = YES;
				CLANG_WARN_DEPRECATED_OBJC_IMPLEMENTATIONS = YES;
				CLANG_WARN_DIRECT_OBJC_ISA_USAGE = YES_ERROR;
				CLANG_WARN_DOCUMENTATION_COMMENTS = YES;
				CLANG_WARN_EMPTY_BODY = YES;
				CLANG_WARN_ENUM_CONVERSION = YES;
				CLANG_WARN_INFINITE_RECURSION = YES;
				CLANG_WARN_INT_CONVERSION = YES;
				CLANG_WARN_NON_LITERAL_NULL_CONVERSION = YES;
				CLANG_WARN_OBJC_IMPLICIT_RETAIN_SELF = YES;
				CLANG_WARN_OBJC_LITERAL_CONVERSION = YES;
				CLANG_WARN_OBJC_ROOT_CLASS = YES_ERROR;
				CLANG_WARN_QUOTED_INCLUDE_IN_FRAMEWORK_HEADER = YES;
				CLANG_WARN_RANGE_LOOP_ANALYSIS = YES;
				CLANG_WARN_STRICT_PROTOTYPES = YES;
				CLANG_WARN_SUSPICIOUS_MOVE = YES;
				CLANG_WARN_UNGUARDED_AVAILABILITY = YES_AGGRESSIVE;
				CLANG_WARN_UNREACHABLE_CODE = YES;
				CLANG_WARN__DUPLICATE_METHOD_MATCH = YES;
				COPY_PHASE_STRIP = NO;
				DEBUG_INFORMATION_FORMAT = dwarf;
				ENABLE_STRICT_OBJC_MSGSEND = YES;
				ENABLE_TESTABILITY = YES;
				ENABLE_USER_SCRIPT_SANDBOXING = YES;
				GCC_C_LANGUAGE_STANDARD = gnu17;
				GCC_DYNAMIC_NO_PIC = NO;
				GCC_NO_COMMON_BLOCKS = YES;
				GCC_OPTIMIZATION_LEVEL = 0;
				GCC_PREPROCESSOR_DEFINITIONS = (
					"DEBUG=1",
					"$(inherited)",
				);
				GCC_WARN_64_TO_32_BIT_CONVERSION = YES;
				GCC_WARN_ABOUT_RETURN_TYPE = YES_ERROR;
				GCC_WARN_UNDECLARED_SELECTOR = YES;
				GCC_WARN_UNINITIALIZED_AUTOS = YES_AGGRESSIVE;
				GCC_WARN_UNUSED_FUNCTION = YES;
				GCC_WARN_UNUSED_VARIABLE = YES;
				LOCALIZATION_PREFERS_STRING_CATALOGS = YES;
				MTL_ENABLE_DEBUG_INFO = INCLUDE_SOURCE;
				MTL_FAST_MATH = YES;
				ONLY_ACTIVE_ARCH = YES;
				SWIFT_ACTIVE_COMPILATION_CONDITIONS = "DEBUG $(inherited)";
				SWIFT_OPTIMIZATION_LEVEL = "-Onone";
			};
			name = Debug;
		};
		6F506C792A701481000ABF5F /* Release */ = {
			isa = XCBuildConfiguration;
			buildSettings = {
				ALWAYS_SEARCH_USER_PATHS = NO;
				ASSETCATALOG_COMPILER_GENERATE_SWIFT_ASSET_SYMBOL_EXTENSIONS = YES;
				CLANG_ANALYZER_LOCALIZABILITY_NONLOCALIZED = YES;
				CLANG_ANALYZER_NONNULL = YES;
				CLANG_ANALYZER_NUMBER_OBJECT_CONVERSION = YES_AGGRESSIVE;
				CLANG_CXX_LANGUAGE_STANDARD = "gnu++20";
				CLANG_ENABLE_MODULES = YES;
				CLANG_ENABLE_OBJC_ARC = YES;
				CLANG_ENABLE_OBJC_WEAK = YES;
				CLANG_WARN_BLOCK_CAPTURE_AUTORELEASING = YES;
				CLANG_WARN_BOOL_CONVERSION = YES;
				CLANG_WARN_COMMA = YES;
				CLANG_WARN_CONSTANT_CONVERSION = YES;
				CLANG_WARN_DEPRECATED_OBJC_IMPLEMENTATIONS = YES;
				CLANG_WARN_DIRECT_OBJC_ISA_USAGE = YES_ERROR;
				CLANG_WARN_DOCUMENTATION_COMMENTS = YES;
				CLANG_WARN_EMPTY_BODY = YES;
				CLANG_WARN_ENUM_CONVERSION = YES;
				CLANG_WARN_INFINITE_RECURSION = YES;
				CLANG_WARN_INT_CONVERSION = YES;
				CLANG_WARN_NON_LITERAL_NULL_CONVERSION = YES;
				CLANG_WARN_OBJC_IMPLICIT_RETAIN_SELF = YES;
				CLANG_WARN_OBJC_LITERAL_CONVERSION = YES;
				CLANG_WARN_OBJC_ROOT_CLASS = YES_ERROR;
				CLANG_WARN_QUOTED_INCLUDE_IN_FRAMEWORK_HEADER = YES;
				CLANG_WARN_RANGE_LOOP_ANALYSIS = YES;
				CLANG_WARN_STRICT_PROTOTYPES = YES;
				CLANG_WARN_SUSPICIOUS_MOVE = YES;
				CLANG_WARN_UNGUARDED_AVAILABILITY = YES_AGGRESSIVE;
				CLANG_WARN_UNREACHABLE_CODE = YES;
				CLANG_WARN__DUPLICATE_METHOD_MATCH = YES;
				COPY_PHASE_STRIP = NO;
				DEBUG_INFORMATION_FORMAT = "dwarf-with-dsym";
				ENABLE_NS_ASSERTIONS = NO;
				ENABLE_STRICT_OBJC_MSGSEND = YES;
				ENABLE_USER_SCRIPT_SANDBOXING = YES;
				GCC_C_LANGUAGE_STANDARD = gnu17;
				GCC_NO_COMMON_BLOCKS = YES;
				GCC_WARN_64_TO_32_BIT_CONVERSION = YES;
				GCC_WARN_ABOUT_RETURN_TYPE = YES_ERROR;
				GCC_WARN_UNDECLARED_SELECTOR = YES;
				GCC_WARN_UNINITIALIZED_AUTOS = YES_AGGRESSIVE;
				GCC_WARN_UNUSED_FUNCTION = YES;
				GCC_WARN_UNUSED_VARIABLE = YES;
				LOCALIZATION_PREFERS_STRING_CATALOGS = YES;
				MTL_ENABLE_DEBUG_INFO = NO;
				MTL_FAST_MATH = YES;
				SWIFT_COMPILATION_MODE = wholemodule;
			};
			name = Release;
		};
		6F506C7B2A701481000ABF5F /* Debug */ = {
			isa = XCBuildConfiguration;
			buildSettings = {
				ASSETCATALOG_COMPILER_APPICON_NAME = AppIcon;
				ASSETCATALOG_COMPILER_GLOBAL_ACCENT_COLOR_NAME = AccentColor;
				CODE_SIGN_ENTITLEMENTS = MuaHoVeSo/MuaHoVeSo.entitlements;
				CODE_SIGN_STYLE = Automatic;
				CURRENT_PROJECT_VERSION = 1;
				DEVELOPMENT_ASSET_PATHS = "\"MuaHoVeSo/Preview Content\"";
				ENABLE_PREVIEWS = YES;
				GENERATE_INFOPLIST_FILE = YES;
				"INFOPLIST_KEY_UIApplicationSceneManifest_Generation[sdk=iphoneos*]" = YES;
				"INFOPLIST_KEY_UIApplicationSceneManifest_Generation[sdk=iphonesimulator*]" = YES;
				"INFOPLIST_KEY_UIApplicationSupportsIndirectInputEvents[sdk=iphoneos*]" = YES;
				"INFOPLIST_KEY_UIApplicationSupportsIndirectInputEvents[sdk=iphonesimulator*]" = YES;
				"INFOPLIST_KEY_UILaunchScreen_Generation[sdk=iphoneos*]" = YES;
				"INFOPLIST_KEY_UILaunchScreen_Generation[sdk=iphonesimulator*]" = YES;
				"INFOPLIST_KEY_UIStatusBarStyle[sdk=iphoneos*]" = UIStatusBarStyleDefault;
				"INFOPLIST_KEY_UIStatusBarStyle[sdk=iphonesimulator*]" = UIStatusBarStyleDefault;
				INFOPLIST_KEY_UISupportedInterfaceOrientations_iPad = "UIInterfaceOrientationPortrait UIInterfaceOrientationPortraitUpsideDown UIInterfaceOrientationLandscapeLeft UIInterfaceOrientationLandscapeRight";
				INFOPLIST_KEY_UISupportedInterfaceOrientations_iPhone = "UIInterfaceOrientationPortrait UIInterfaceOrientationLandscapeLeft UIInterfaceOrientationLandscapeRight";
				IPHONEOS_DEPLOYMENT_TARGET = 17.0;
				LD_RUNPATH_SEARCH_PATHS = "@executable_path/Frameworks";
				"LD_RUNPATH_SEARCH_PATHS[sdk=macosx*]" = "@executable_path/../Frameworks";
				MACOSX_DEPLOYMENT_TARGET = 14.0;
				MARKETING_VERSION = 1.0;
				PRODUCT_BUNDLE_IDENTIFIER = thong.doan.MuaHoVeSo;
				PRODUCT_NAME = "$(TARGET_NAME)";
				SDKROOT = auto;
				SUPPORTED_PLATFORMS = "iphoneos iphonesimulator macosx";
				SWIFT_EMIT_LOC_STRINGS = YES;
				SWIFT_VERSION = 5.0;
				TARGETED_DEVICE_FAMILY = "1,2";
			};
			name = Debug;
		};
		6F506C7C2A701481000ABF5F /* Release */ = {
			isa = XCBuildConfiguration;
			buildSettings = {
				ASSETCATALOG_COMPILER_APPICON_NAME = AppIcon;
				ASSETCATALOG_COMPILER_GLOBAL_ACCENT_COLOR_NAME = AccentColor;
				CODE_SIGN_ENTITLEMENTS = MuaHoVeSo/MuaHoVeSo.entitlements;
				CODE_SIGN_STYLE = Automatic;
				CURRENT_PROJECT_VERSION = 1;
				DEVELOPMENT_ASSET_PATHS = "\"MuaHoVeSo/Preview Content\"";
				ENABLE_PREVIEWS = YES;
				GENERATE_INFOPLIST_FILE = YES;
				"INFOPLIST_KEY_UIApplicationSceneManifest_Generation[sdk=iphoneos*]" = YES;
				"INFOPLIST_KEY_UIApplicationSceneManifest_Generation[sdk=iphonesimulator*]" = YES;
				"INFOPLIST_KEY_UIApplicationSupportsIndirectInputEvents[sdk=iphoneos*]" = YES;
				"INFOPLIST_KEY_UIApplicationSupportsIndirectInputEvents[sdk=iphonesimulator*]" = YES;
				"INFOPLIST_KEY_UILaunchScreen_Generation[sdk=iphoneos*]" = YES;
				"INFOPLIST_KEY_UILaunchScreen_Generation[sdk=iphonesimulator*]" = YES;
				"INFOPLIST_KEY_UIStatusBarStyle[sdk=iphoneos*]" = UIStatusBarStyleDefault;
				"INFOPLIST_KEY_UIStatusBarStyle[sdk=iphonesimulator*]" = UIStatusBarStyleDefault;
				INFOPLIST_KEY_UISupportedInterfaceOrientations_iPad = "UIInterfaceOrientationPortrait UIInterfaceOrientationPortraitUpsideDown UIInterfaceOrientationLandscapeLeft UIInterfaceOrientationLandscapeRight";
				INFOPLIST_KEY_UISupportedInterfaceOrientations_iPhone = "UIInterfaceOrientationPortrait UIInterfaceOrientationLandscapeLeft UIInterfaceOrientationLandscapeRight";
				IPHONEOS_DEPLOYMENT_TARGET = 17.0;
				LD_RUNPATH_SEARCH_PATHS = "@executable_path/Frameworks";
				"LD_RUNPATH_SEARCH_PATHS[sdk=macosx*]" = "@executable_path/../Frameworks";
				MACOSX_DEPLOYMENT_TARGET = 14.0;
				MARKETING_VERSION = 1.0;
				PRODUCT_BUNDLE_IDENTIFIER = thong.doan.MuaHoVeSo;
				PRODUCT_NAME = "$(TARGET_NAME)";
				SDKROOT = auto;
				SUPPORTED_PLATFORMS = "iphoneos iphonesimulator macosx";
				SWIFT_EMIT_LOC_STRINGS = YES;
				SWIFT_VERSION = 5.0;
				TARGETED_DEVICE_FAMILY = "1,2";
			};
			name = Release;
		};
/* End XCBuildConfiguration section */

/* Begin XCConfigurationList section */
		6F506C662A701480000ABF5F /* Build configuration list for PBXProject "MuaHoVeSo" */ = {
			isa = XCConfigurationList;
			buildConfigurations = (
				6F506C782A701481000ABF5F /* Debug */,
				6F506C792A701481000ABF5F /* Release */,
			);
			defaultConfigurationIsVisible = 0;
			defaultConfigurationName = Release;
		};
		6F506C7A2A701481000ABF5F /* Build configuration list for PBXNativeTarget "MuaHoVeSo" */ = {
			isa = XCConfigurationList;
			buildConfigurations = (
				6F506C7B2A701481000ABF5F /* Debug */,
				6F506C7C2A701481000ABF5F /* Release */,
			);
			defaultConfigurationIsVisible = 0;
			defaultConfigurationName = Release;
		};
/* End XCConfigurationList section */
	};
	rootObject = 6F506C632A701480000ABF5F /* Project object */;
}
